
Microsoft Visual Studio Solution File, Format Version 12.00
# Visual Studio Version 17
VisualStudioVersion = 17.1.32113.165
MinimumVisualStudioVersion = 10.0.40219.1
Project("{FAE04EC0-301F-11D3-BF4B-00C04F79EFBC}") = "NuCharacter", "NuCharacter.csproj", "{C3C0BAB4-AB65-4946-9083-C7AA3AEC88A5}"
EndProject
Global
	GlobalSection(SolutionConfigurationPlatforms) = preSolution
		Debug|Any CPU = Debug|Any CPU
		Release|Any CPU = Release|Any CPU
	EndGlobalSection
	GlobalSection(ProjectConfigurationPlatforms) = postSolution
		{C3C0BAB4-AB65-4946-9083-C7AA3AEC88A5}.Debug|Any CPU.ActiveCfg = Debug|Any CPU
		{C3C0BAB4-AB65-4946-9083-C7AA3AEC88A5}.Debug|Any CPU.Build.0 = Debug|Any CPU
		{C3C0BAB4-AB65-4946-9083-C7AA3AEC88A5}.Release|Any CPU.ActiveCfg = Release|Any CPU
		{C3C0BAB4-AB65-4946-9083-C7AA3AEC88A5}.Release|Any CPU.Build.0 = Release|Any CPU
	EndGlobalSection
	GlobalSection(SolutionProperties) = preSolution
		HideSolutionNode = FALSE
	EndGlobalSection
	GlobalSection(ExtensibilityGlobals) = postSolution
		SolutionGuid = {97690C49-BBC9-4709-A669-F1FBC35ABF24}
	EndGlobalSection
EndGlobal
